
Microsoft Visual Studio Solution File, Format Version 12.00
# Visual Studio Version 17
VisualStudioVersion = 17.4.33213.308
MinimumVisualStudioVersion = 10.0.40219.1
Project("{C9674DCB-5085-4A16-B785-4C70DD1589BD}") = "Kuanyshint", "Kuanyshint.dtproj", "{DE25C01E-161B-4E94-AC0E-EBD008E0A7FE}"
EndProject
Global
	GlobalSection(SolutionConfigurationPlatforms) = preSolution
		Development|Default = Development|Default
	EndGlobalSection
	GlobalSection(ProjectConfigurationPlatforms) = postSolution
		{DE25C01E-161B-4E94-AC0E-EBD008E0A7FE}.Development|Default.ActiveCfg = Development
		{DE25C01E-161B-4E94-AC0E-EBD008E0A7FE}.Development|Default.Build.0 = Development
	EndGlobalSection
	GlobalSection(SolutionProperties) = preSolution
		HideSolutionNode = FALSE
	EndGlobalSection
	GlobalSection(ExtensibilityGlobals) = postSolution
		SolutionGuid = {57FE9761-8324-4AE9-88A4-CAB797F866A3}
	EndGlobalSection
EndGlobal
